{
  "name": "guidesearch",
  "version": "1.0.0",
  "lockfileVersion": 3,
  "requires": true,
  "packages": {
    "": {
      "name": "guidesearch",
      "version": "1.0.0",
      "dependencies": {
        "cheerio": "^1.1.2"
      },
      "engines": {
        "node": ">=20"
      }
    },
    "node_modules/cheerio": {
      "version": "1.1.2",
      "resolved": "https://registry.npmjs.org/cheerio/-/cheerio-1.1.2.tgz"
    }
  },
  "dependencies": {
    "cheerio": {
      "version": "1.1.2",
      "resolved": "https://registry.npmjs.org/cheerio/-/cheerio-1.1.2.tgz"
    }
  }
}
